
Microsoft Visual Studio Solution File, Format Version 12.00
# Visual Studio Version 16
VisualStudioVersion = 16.0.29613.14
MinimumVisualStudioVersion = 10.0.40219.1
Project("{FAE04EC0-301F-11D3-BF4B-00C04F79EFBC}") = "Prj_37450_37458_Exerc04", "Prj_37450_37458_Exerc04\Prj_37450_37458_Exerc04.csproj", "{A905E78E-516B-4B21-AE61-9C1F3B3FC037}"
EndProject
Global
	GlobalSection(SolutionConfigurationPlatforms) = preSolution
		Debug|Any CPU = Debug|Any CPU
		Release|Any CPU = Release|Any CPU
	EndGlobalSection
	GlobalSection(ProjectConfigurationPlatforms) = postSolution
		{A905E78E-516B-4B21-AE61-9C1F3B3FC037}.Debug|Any CPU.ActiveCfg = Debug|Any CPU
		{A905E78E-516B-4B21-AE61-9C1F3B3FC037}.Debug|Any CPU.Build.0 = Debug|Any CPU
		{A905E78E-516B-4B21-AE61-9C1F3B3FC037}.Release|Any CPU.ActiveCfg = Release|Any CPU
		{A905E78E-516B-4B21-AE61-9C1F3B3FC037}.Release|Any CPU.Build.0 = Release|Any CPU
	EndGlobalSection
	GlobalSection(SolutionProperties) = preSolution
		HideSolutionNode = FALSE
	EndGlobalSection
	GlobalSection(ExtensibilityGlobals) = postSolution
		SolutionGuid = {33B40268-8FE5-42FB-A9AF-AF5B33654D46}
	EndGlobalSection
EndGlobal
