
Microsoft Visual Studio Solution File, Format Version 12.00
# Visual Studio Version 16
VisualStudioVersion = 16.0.29613.14
MinimumVisualStudioVersion = 10.0.40219.1
Project("{FAE04EC0-301F-11D3-BF4B-00C04F79EFBC}") = "Prj_37450_37458_Exerc03", "Prj_37450_37458_Exerc03\Prj_37450_37458_Exerc03.csproj", "{94A4BB9D-42FE-4EEB-8D4F-163EBA859AF8}"
EndProject
Global
	GlobalSection(SolutionConfigurationPlatforms) = preSolution
		Debug|Any CPU = Debug|Any CPU
		Release|Any CPU = Release|Any CPU
	EndGlobalSection
	GlobalSection(ProjectConfigurationPlatforms) = postSolution
		{94A4BB9D-42FE-4EEB-8D4F-163EBA859AF8}.Debug|Any CPU.ActiveCfg = Debug|Any CPU
		{94A4BB9D-42FE-4EEB-8D4F-163EBA859AF8}.Debug|Any CPU.Build.0 = Debug|Any CPU
		{94A4BB9D-42FE-4EEB-8D4F-163EBA859AF8}.Release|Any CPU.ActiveCfg = Release|Any CPU
		{94A4BB9D-42FE-4EEB-8D4F-163EBA859AF8}.Release|Any CPU.Build.0 = Release|Any CPU
	EndGlobalSection
	GlobalSection(SolutionProperties) = preSolution
		HideSolutionNode = FALSE
	EndGlobalSection
	GlobalSection(ExtensibilityGlobals) = postSolution
		SolutionGuid = {847A0DA7-E593-474A-9BAC-5960E6977B4A}
	EndGlobalSection
EndGlobal
